<?xml version="1.0" encoding="utf-8"?>
<Project ToolsVersion="4.0" xmlns="http://schemas.microsoft.com/developer/msbuild/2003">
  <ItemGroup>
    <Filter Include="Common">
      <UniqueIdentifier>{b1622824-7dc0-4885-9920-2169ded59fa1}</UniqueIdentifier>
    </Filter>
    <Filter Include="Common\Header Files">
      <UniqueIdentifier>{ef21b096-499a-4888-9ffe-6684fd2ea0d6}</UniqueIdentifier>
    </Filter>
    <Filter Include="Common\Source Files">
      <UniqueIdentifier>{e5d95865-4f3a-4d63-a566-e56559a5feff}</UniqueIdentifier>
    </Filter>
    <Filter Include="GateServer">
      <UniqueIdentifier>{0f000ba8-c4a2-4834-8690-287b085ba03e}</UniqueIdentifier>
    </Filter>
    <Filter Include="Proto">
      <UniqueIdentifier>{bcb66b3d-8940-4026-b49a-5e54ee420e20}</UniqueIdentifier>
    </Filter>
    <Filter Include="GateServer\Header Files">
      <UniqueIdentifier>{49527e13-9b87-4edd-92df-d4570dd2d5e4}</UniqueIdentifier>
    </Filter>
    <Filter Include="GateServer\Source Files">
      <UniqueIdentifier>{1410858c-1725-4ea3-aba2-73bd9a76d1fd}</UniqueIdentifier>
    </Filter>
    <Filter Include="Proto\Header Files">
      <UniqueIdentifier>{c8e5ef31-c9aa-4959-a77e-689c005b1689}</UniqueIdentifier>
    </Filter>
    <Filter Include="Proto\Source Files">
      <UniqueIdentifier>{7f8c9a54-df4d-4a4c-b219-95f0202fac14}</UniqueIdentifier>
    </Filter>
  </ItemGroup>
  <ItemGroup>
    <ClInclude Include="..\Common\CacheBuffer.h">
      <Filter>Common\Header Files</Filter>
    </ClInclude>
    <ClInclude Include="..\Common\Common.h">
      <Filter>Common\Header Files</Filter>
    </ClInclude>
    <ClInclude Include="..\Common\Event.h">
      <Filter>Common\Header Files</Filter>
    </ClInclude>
    <ClInclude Include="..\Common\IOCP.h">
      <Filter>Common\Header Files</Filter>
    </ClInclude>
    <ClInclude Include="..\Common\Serializer.h">
      <Filter>Common\Header Files</Filter>
    </ClInclude>
    <ClInclude Include="GateServer.h">
      <Filter>GateServer\Header Files</Filter>
    </ClInclude>
    <ClInclude Include="..\Proto\ProtoGameClient.pb.h">
      <Filter>Proto\Header Files</Filter>
    </ClInclude>
    <ClInclude Include="..\Proto\ProtoGameServer.pb.h">
      <Filter>Proto\Header Files</Filter>
    </ClInclude>
    <ClInclude Include="..\Proto\ProtoGateClient.pb.h">
      <Filter>Proto\Header Files</Filter>
    </ClInclude>
    <ClInclude Include="..\Proto\ProtoGateServer.pb.h">
      <Filter>Proto\Header Files</Filter>
    </ClInclude>
  </ItemGroup>
  <ItemGroup>
    <ClCompile Include="..\Common\CacheBuffer.cpp">
      <Filter>Common\Source Files</Filter>
    </ClCompile>
    <ClCompile Include="..\Common\Event.cpp">
      <Filter>Common\Source Files</Filter>
    </ClCompile>
    <ClCompile Include="..\Common\IOCP.cpp">
      <Filter>Common\Source Files</Filter>
    </ClCompile>
    <ClCompile Include="..\Common\Serializer.cpp">
      <Filter>Common\Source Files</Filter>
    </ClCompile>
    <ClCompile Include="GateServer.cpp">
      <Filter>GateServer\Source Files</Filter>
    </ClCompile>
    <ClCompile Include="Main.cpp" />
    <ClCompile Include="..\Proto\ProtoGameClient.pb.cc">
      <Filter>Proto\Source Files</Filter>
    </ClCompile>
    <ClCompile Include="..\Proto\ProtoGameServer.pb.cc">
      <Filter>Proto\Source Files</Filter>
    </ClCompile>
    <ClCompile Include="..\Proto\ProtoGateClient.pb.cc">
      <Filter>Proto\Source Files</Filter>
    </ClCompile>
    <ClCompile Include="..\Proto\ProtoGateServer.pb.cc">
      <Filter>Proto\Source Files</Filter>
    </ClCompile>
    <ClCompile Include="GateServerUpdate.cpp">
      <Filter>GateServer\Source Files</Filter>
    </ClCompile>
    <ClCompile Include="GateServerMatch.cpp">
      <Filter>GateServer\Source Files</Filter>
    </ClCompile>
  </ItemGroup>
</Project>