<?xml version="1.0" encoding="utf-8"?>
<Project ToolsVersion="4.0" xmlns="http://schemas.microsoft.com/developer/msbuild/2003">
  <ItemGroup>
    <Text Include="ReadMe.txt" />
  </ItemGroup>
  <ItemGroup>
    <Filter Include="Common">
      <UniqueIdentifier>{3e318638-275c-4cf8-a1dc-c2df50e2d1ee}</UniqueIdentifier>
    </Filter>
    <Filter Include="Common\Header Files">
      <UniqueIdentifier>{d1be7f89-e062-4411-93e7-aed5a6a66d69}</UniqueIdentifier>
    </Filter>
    <Filter Include="Common\Source Files">
      <UniqueIdentifier>{4b060124-f1a9-4370-91a1-189e7b932f51}</UniqueIdentifier>
    </Filter>
    <Filter Include="GameServer">
      <UniqueIdentifier>{9f8229ad-6053-4754-bf15-14641c8f88ab}</UniqueIdentifier>
    </Filter>
    <Filter Include="GameServer\Header Files">
      <UniqueIdentifier>{de2030db-9056-443f-9e51-d04dc2603c2a}</UniqueIdentifier>
    </Filter>
    <Filter Include="GameServer\Source Files">
      <UniqueIdentifier>{ab661a84-0013-40ad-83cb-724f1bcda3cb}</UniqueIdentifier>
    </Filter>
    <Filter Include="Proto">
      <UniqueIdentifier>{440976b0-3594-491d-86b1-dcd01e21d4c7}</UniqueIdentifier>
    </Filter>
    <Filter Include="Proto\Header Files">
      <UniqueIdentifier>{543e800a-4bc6-49f0-bcfa-943d4443cf67}</UniqueIdentifier>
    </Filter>
    <Filter Include="Proto\Source Files">
      <UniqueIdentifier>{3c183015-ee57-40fc-8b8d-ada4fbe61497}</UniqueIdentifier>
    </Filter>
  </ItemGroup>
  <ItemGroup>
    <ClInclude Include="..\Common\CacheBuffer.h">
      <Filter>Common\Header Files</Filter>
    </ClInclude>
    <ClInclude Include="..\Common\Common.h">
      <Filter>Common\Header Files</Filter>
    </ClInclude>
    <ClInclude Include="..\Common\Event.h">
      <Filter>Common\Header Files</Filter>
    </ClInclude>
    <ClInclude Include="..\Common\Serializer.h">
      <Filter>Common\Header Files</Filter>
    </ClInclude>
    <ClInclude Include="..\..\Proto\cpp\Client.pb.h">
      <Filter>Proto\Header Files</Filter>
    </ClInclude>
    <ClInclude Include="..\IOCPServer\IOCP.h">
      <Filter>GameServer\Header Files</Filter>
    </ClInclude>
  </ItemGroup>
  <ItemGroup>
    <ClCompile Include="..\Common\CacheBuffer.cpp">
      <Filter>Common\Source Files</Filter>
    </ClCompile>
    <ClCompile Include="..\Common\Common.cpp">
      <Filter>Common\Source Files</Filter>
    </ClCompile>
    <ClCompile Include="..\Common\Event.cpp">
      <Filter>Common\Source Files</Filter>
    </ClCompile>
    <ClCompile Include="..\Common\Serializer.cpp">
      <Filter>Common\Source Files</Filter>
    </ClCompile>
    <ClCompile Include="Main.cpp" />
    <ClCompile Include="..\..\Proto\cpp\Client.pb.cc">
      <Filter>Proto\Source Files</Filter>
    </ClCompile>
    <ClCompile Include="..\IOCPServer\IOCP.cpp">
      <Filter>GameServer\Source Files</Filter>
    </ClCompile>
  </ItemGroup>
</Project>